
Microsoft Visual Studio Solution File, Format Version 12.00
# Visual Studio Version 17
VisualStudioVersion = 17.13.35931.197 d17.13
MinimumVisualStudioVersion = 10.0.40219.1
Project("{FAE04EC0-301F-11D3-BF4B-00C04F79EFBC}") = "OpendagApplicatie", "OpendagApplicatie\OpendagApplicatie.csproj", "{004124CD-0563-4C94-B14F-0B8881FAE690}"
EndProject
Global
	GlobalSection(SolutionConfigurationPlatforms) = preSolution
		Debug|Any CPU = Debug|Any CPU
		Release|Any CPU = Release|Any CPU
	EndGlobalSection
	GlobalSection(ProjectConfigurationPlatforms) = postSolution
		{004124CD-0563-4C94-B14F-0B8881FAE690}.Debug|Any CPU.ActiveCfg = Debug|Any CPU
		{004124CD-0563-4C94-B14F-0B8881FAE690}.Debug|Any CPU.Build.0 = Debug|Any CPU
		{004124CD-0563-4C94-B14F-0B8881FAE690}.Release|Any CPU.ActiveCfg = Release|Any CPU
		{004124CD-0563-4C94-B14F-0B8881FAE690}.Release|Any CPU.Build.0 = Release|Any CPU
	EndGlobalSection
	GlobalSection(SolutionProperties) = preSolution
		HideSolutionNode = FALSE
	EndGlobalSection
	GlobalSection(ExtensibilityGlobals) = postSolution
		SolutionGuid = {00879054-9649-40B1-9020-1A4C1B96F20B}
	EndGlobalSection
EndGlobal
